
Microsoft Visual Studio Solution File, Format Version 12.00
# Visual Studio Version 16
VisualStudioVersion = 16.0.31729.503
MinimumVisualStudioVersion = 10.0.40219.1
Project("{9A19103F-16F7-4668-BE54-9A1E7A4F7556}") = "WebbshoppenAPI", "WebbshoppenAPI\WebbshoppenAPI.csproj", "{7086C056-1F7C-4507-9137-38AB5A22FD0C}"
EndProject
Global
	GlobalSection(SolutionConfigurationPlatforms) = preSolution
		Debug|Any CPU = Debug|Any CPU
		Release|Any CPU = Release|Any CPU
	EndGlobalSection
	GlobalSection(ProjectConfigurationPlatforms) = postSolution
		{7086C056-1F7C-4507-9137-38AB5A22FD0C}.Debug|Any CPU.ActiveCfg = Debug|Any CPU
		{7086C056-1F7C-4507-9137-38AB5A22FD0C}.Debug|Any CPU.Build.0 = Debug|Any CPU
		{7086C056-1F7C-4507-9137-38AB5A22FD0C}.Release|Any CPU.ActiveCfg = Release|Any CPU
		{7086C056-1F7C-4507-9137-38AB5A22FD0C}.Release|Any CPU.Build.0 = Release|Any CPU
	EndGlobalSection
	GlobalSection(SolutionProperties) = preSolution
		HideSolutionNode = FALSE
	EndGlobalSection
	GlobalSection(ExtensibilityGlobals) = postSolution
		SolutionGuid = {F91D41D4-EEB8-46A6-B7A9-FDD99C3AD35E}
	EndGlobalSection
EndGlobal
